
Microsoft Visual Studio Solution File, Format Version 12.00
# Visual Studio Version 17
VisualStudioVersion = 17.9.34723.18
MinimumVisualStudioVersion = 10.0.40219.1
Project("{FAE04EC0-301F-11D3-BF4B-00C04F79EFBC}") = "MVCProductos", "MVCProductos\MVCProductos.csproj", "{D5C95153-443E-4865-AF47-E4B52D4DE4A3}"
EndProject
Global
	GlobalSection(SolutionConfigurationPlatforms) = preSolution
		Debug|Any CPU = Debug|Any CPU
		Release|Any CPU = Release|Any CPU
	EndGlobalSection
	GlobalSection(ProjectConfigurationPlatforms) = postSolution
		{D5C95153-443E-4865-AF47-E4B52D4DE4A3}.Debug|Any CPU.ActiveCfg = Debug|Any CPU
		{D5C95153-443E-4865-AF47-E4B52D4DE4A3}.Debug|Any CPU.Build.0 = Debug|Any CPU
		{D5C95153-443E-4865-AF47-E4B52D4DE4A3}.Release|Any CPU.ActiveCfg = Release|Any CPU
		{D5C95153-443E-4865-AF47-E4B52D4DE4A3}.Release|Any CPU.Build.0 = Release|Any CPU
	EndGlobalSection
	GlobalSection(SolutionProperties) = preSolution
		HideSolutionNode = FALSE
	EndGlobalSection
	GlobalSection(ExtensibilityGlobals) = postSolution
		SolutionGuid = {504DBEDD-FD56-4FA5-8855-9C340DF4F4D8}
	EndGlobalSection
EndGlobal
